
Microsoft Visual Studio Solution File, Format Version 12.00
# Visual Studio 15
VisualStudioVersion = 15.0.26430.14
MinimumVisualStudioVersion = 10.0.40219.1
Project("{FAE04EC0-301F-11D3-BF4B-00C04F79EFBC}") = "ktlt", "ktlt\ktlt.csproj", "{15908409-4BBC-4EBB-B324-D7723A16BD41}"
EndProject
Project("{FAE04EC0-301F-11D3-BF4B-00C04F79EFBC}") = "ConsoleApp1", "ConsoleApp1\ConsoleApp1.csproj", "{E94644FA-C96C-40E6-A583-4D3906BAD3DC}"
EndProject
Global
	GlobalSection(SolutionConfigurationPlatforms) = preSolution
		Debug|Any CPU = Debug|Any CPU
		Release|Any CPU = Release|Any CPU
	EndGlobalSection
	GlobalSection(ProjectConfigurationPlatforms) = postSolution
		{15908409-4BBC-4EBB-B324-D7723A16BD41}.Debug|Any CPU.ActiveCfg = Debug|Any CPU
		{15908409-4BBC-4EBB-B324-D7723A16BD41}.Debug|Any CPU.Build.0 = Debug|Any CPU
		{15908409-4BBC-4EBB-B324-D7723A16BD41}.Release|Any CPU.ActiveCfg = Release|Any CPU
		{15908409-4BBC-4EBB-B324-D7723A16BD41}.Release|Any CPU.Build.0 = Release|Any CPU
		{E94644FA-C96C-40E6-A583-4D3906BAD3DC}.Debug|Any CPU.ActiveCfg = Debug|Any CPU
		{E94644FA-C96C-40E6-A583-4D3906BAD3DC}.Debug|Any CPU.Build.0 = Debug|Any CPU
		{E94644FA-C96C-40E6-A583-4D3906BAD3DC}.Release|Any CPU.ActiveCfg = Release|Any CPU
		{E94644FA-C96C-40E6-A583-4D3906BAD3DC}.Release|Any CPU.Build.0 = Release|Any CPU
	EndGlobalSection
	GlobalSection(SolutionProperties) = preSolution
		HideSolutionNode = FALSE
	EndGlobalSection
EndGlobal
